
Microsoft Visual Studio Solution File, Format Version 12.00
# Visual Studio 14
VisualStudioVersion = 14.0.25420.1
MinimumVisualStudioVersion = 10.0.40219.1
Project("{FAE04EC0-301F-11D3-BF4B-00C04F79EFBC}") = "Jorvs.CursoDotNetUI", "CursoDotNet\Jorvs.CursoDotNetUI.csproj", "{ECDE16FC-B27B-4BF6-BCAB-D038FB5828AE}"
EndProject
Project("{FAE04EC0-301F-11D3-BF4B-00C04F79EFBC}") = "Jorvs.biblioteca.livros", "LibraryCursoDotNet\Jorvs.biblioteca.livros.csproj", "{CAE0DCF6-DC48-48EB-B229-8501C76ECE77}"
EndProject
Project("{FAE04EC0-301F-11D3-BF4B-00C04F79EFBC}") = "Jorvs.biblioteca", "Jorvs.biblioteca\Jorvs.biblioteca.csproj", "{D02E27FF-CB1F-4E70-AEEA-C8391807625E}"
EndProject
Global
	GlobalSection(SolutionConfigurationPlatforms) = preSolution
		Debug|Any CPU = Debug|Any CPU
		Release|Any CPU = Release|Any CPU
	EndGlobalSection
	GlobalSection(ProjectConfigurationPlatforms) = postSolution
		{ECDE16FC-B27B-4BF6-BCAB-D038FB5828AE}.Debug|Any CPU.ActiveCfg = Debug|Any CPU
		{ECDE16FC-B27B-4BF6-BCAB-D038FB5828AE}.Debug|Any CPU.Build.0 = Debug|Any CPU
		{ECDE16FC-B27B-4BF6-BCAB-D038FB5828AE}.Release|Any CPU.ActiveCfg = Release|Any CPU
		{ECDE16FC-B27B-4BF6-BCAB-D038FB5828AE}.Release|Any CPU.Build.0 = Release|Any CPU
		{CAE0DCF6-DC48-48EB-B229-8501C76ECE77}.Debug|Any CPU.ActiveCfg = Debug|Any CPU
		{CAE0DCF6-DC48-48EB-B229-8501C76ECE77}.Debug|Any CPU.Build.0 = Debug|Any CPU
		{CAE0DCF6-DC48-48EB-B229-8501C76ECE77}.Release|Any CPU.ActiveCfg = Release|Any CPU
		{CAE0DCF6-DC48-48EB-B229-8501C76ECE77}.Release|Any CPU.Build.0 = Release|Any CPU
		{D02E27FF-CB1F-4E70-AEEA-C8391807625E}.Debug|Any CPU.ActiveCfg = Debug|Any CPU
		{D02E27FF-CB1F-4E70-AEEA-C8391807625E}.Debug|Any CPU.Build.0 = Debug|Any CPU
		{D02E27FF-CB1F-4E70-AEEA-C8391807625E}.Release|Any CPU.ActiveCfg = Release|Any CPU
		{D02E27FF-CB1F-4E70-AEEA-C8391807625E}.Release|Any CPU.Build.0 = Release|Any CPU
	EndGlobalSection
	GlobalSection(SolutionProperties) = preSolution
		HideSolutionNode = FALSE
	EndGlobalSection
EndGlobal
